
Microsoft Visual Studio Solution File, Format Version 12.00
# Visual Studio Version 16
VisualStudioVersion = 16.0.29728.190
MinimumVisualStudioVersion = 10.0.40219.1
Project("{9A19103F-16F7-4668-BE54-9A1E7A4F7556}") = "ProjectAbyss", "ProjectAbyss\ProjectAbyss.csproj", "{031991AC-1900-4E05-AA0E-97DBA59B0948}"
EndProject
Project("{FAE04EC0-301F-11D3-BF4B-00C04F79EFBC}") = "ProjectAbyssIHM", "ProjectAbyssIHM\ProjectAbyssIHM.csproj", "{A4DE71C8-E96C-46D9-9BD4-A7804571988F}"
EndProject
Project("{FAE04EC0-301F-11D3-BF4B-00C04F79EFBC}") = "ProjectAbyssWeb", "ProjectAbyssWeb\ProjectAbyssWeb.csproj", "{D0CDA072-CBA5-4638-BBDD-29B32A7DBEF7}"
EndProject
Global
	GlobalSection(SolutionConfigurationPlatforms) = preSolution
		Debug|Any CPU = Debug|Any CPU
		Release|Any CPU = Release|Any CPU
	EndGlobalSection
	GlobalSection(ProjectConfigurationPlatforms) = postSolution
		{031991AC-1900-4E05-AA0E-97DBA59B0948}.Debug|Any CPU.ActiveCfg = Debug|Any CPU
		{031991AC-1900-4E05-AA0E-97DBA59B0948}.Debug|Any CPU.Build.0 = Debug|Any CPU
		{031991AC-1900-4E05-AA0E-97DBA59B0948}.Release|Any CPU.ActiveCfg = Release|Any CPU
		{031991AC-1900-4E05-AA0E-97DBA59B0948}.Release|Any CPU.Build.0 = Release|Any CPU
		{A4DE71C8-E96C-46D9-9BD4-A7804571988F}.Debug|Any CPU.ActiveCfg = Debug|Any CPU
		{A4DE71C8-E96C-46D9-9BD4-A7804571988F}.Debug|Any CPU.Build.0 = Debug|Any CPU
		{A4DE71C8-E96C-46D9-9BD4-A7804571988F}.Release|Any CPU.ActiveCfg = Release|Any CPU
		{A4DE71C8-E96C-46D9-9BD4-A7804571988F}.Release|Any CPU.Build.0 = Release|Any CPU
		{D0CDA072-CBA5-4638-BBDD-29B32A7DBEF7}.Debug|Any CPU.ActiveCfg = Debug|Any CPU
		{D0CDA072-CBA5-4638-BBDD-29B32A7DBEF7}.Debug|Any CPU.Build.0 = Debug|Any CPU
		{D0CDA072-CBA5-4638-BBDD-29B32A7DBEF7}.Release|Any CPU.ActiveCfg = Release|Any CPU
		{D0CDA072-CBA5-4638-BBDD-29B32A7DBEF7}.Release|Any CPU.Build.0 = Release|Any CPU
	EndGlobalSection
	GlobalSection(SolutionProperties) = preSolution
		HideSolutionNode = FALSE
	EndGlobalSection
	GlobalSection(ExtensibilityGlobals) = postSolution
		SolutionGuid = {C1DC8378-AECE-46A6-897C-932E70E9CFA2}
	EndGlobalSection
EndGlobal
